
Microsoft Visual Studio Solution File, Format Version 12.00
# Visual Studio Version 16
VisualStudioVersion = 16.0.30914.41
MinimumVisualStudioVersion = 10.0.40219.1
Project("{9A19103F-16F7-4668-BE54-9A1E7A4F7556}") = "BlazingExperiments.Server", "BlazingExperiments\Server\BlazingExperiments.Server.csproj", "{7529A226-01E5-46D3-B589-7DBE6CF4D2B6}"
EndProject
Project("{9A19103F-16F7-4668-BE54-9A1E7A4F7556}") = "BlazingExperiments.Client", "BlazingExperiments\Client\BlazingExperiments.Client.csproj", "{C61A0ECF-55FA-4A81-8FF7-1DB5FF1ED51F}"
EndProject
Project("{9A19103F-16F7-4668-BE54-9A1E7A4F7556}") = "BlazingExperiments.Shared", "BlazingExperiments\Shared\BlazingExperiments.Shared.csproj", "{54F34CB9-25A2-40E6-93FB-C99E829440E4}"
EndProject
Project("{9A19103F-16F7-4668-BE54-9A1E7A4F7556}") = "DDTrips", "DDTrips\DDTrips.csproj", "{252D2205-2C31-4C57-8E33-FB8021469E29}"
EndProject
Project("{9A19103F-16F7-4668-BE54-9A1E7A4F7556}") = "DDTrips.Data", "DDTrips.Data\DDTrips.Data.csproj", "{89F61C00-CC3D-420D-AD29-6C0BA206FE26}"
EndProject
Global
	GlobalSection(SolutionConfigurationPlatforms) = preSolution
		Debug|Any CPU = Debug|Any CPU
		Release|Any CPU = Release|Any CPU
	EndGlobalSection
	GlobalSection(ProjectConfigurationPlatforms) = postSolution
		{7529A226-01E5-46D3-B589-7DBE6CF4D2B6}.Debug|Any CPU.ActiveCfg = Debug|Any CPU
		{7529A226-01E5-46D3-B589-7DBE6CF4D2B6}.Debug|Any CPU.Build.0 = Debug|Any CPU
		{7529A226-01E5-46D3-B589-7DBE6CF4D2B6}.Release|Any CPU.ActiveCfg = Release|Any CPU
		{7529A226-01E5-46D3-B589-7DBE6CF4D2B6}.Release|Any CPU.Build.0 = Release|Any CPU
		{C61A0ECF-55FA-4A81-8FF7-1DB5FF1ED51F}.Debug|Any CPU.ActiveCfg = Debug|Any CPU
		{C61A0ECF-55FA-4A81-8FF7-1DB5FF1ED51F}.Debug|Any CPU.Build.0 = Debug|Any CPU
		{C61A0ECF-55FA-4A81-8FF7-1DB5FF1ED51F}.Release|Any CPU.ActiveCfg = Release|Any CPU
		{C61A0ECF-55FA-4A81-8FF7-1DB5FF1ED51F}.Release|Any CPU.Build.0 = Release|Any CPU
		{54F34CB9-25A2-40E6-93FB-C99E829440E4}.Debug|Any CPU.ActiveCfg = Debug|Any CPU
		{54F34CB9-25A2-40E6-93FB-C99E829440E4}.Debug|Any CPU.Build.0 = Debug|Any CPU
		{54F34CB9-25A2-40E6-93FB-C99E829440E4}.Release|Any CPU.ActiveCfg = Release|Any CPU
		{54F34CB9-25A2-40E6-93FB-C99E829440E4}.Release|Any CPU.Build.0 = Release|Any CPU
		{252D2205-2C31-4C57-8E33-FB8021469E29}.Debug|Any CPU.ActiveCfg = Debug|Any CPU
		{252D2205-2C31-4C57-8E33-FB8021469E29}.Debug|Any CPU.Build.0 = Debug|Any CPU
		{252D2205-2C31-4C57-8E33-FB8021469E29}.Release|Any CPU.ActiveCfg = Release|Any CPU
		{252D2205-2C31-4C57-8E33-FB8021469E29}.Release|Any CPU.Build.0 = Release|Any CPU
		{89F61C00-CC3D-420D-AD29-6C0BA206FE26}.Debug|Any CPU.ActiveCfg = Debug|Any CPU
		{89F61C00-CC3D-420D-AD29-6C0BA206FE26}.Debug|Any CPU.Build.0 = Debug|Any CPU
		{89F61C00-CC3D-420D-AD29-6C0BA206FE26}.Release|Any CPU.ActiveCfg = Release|Any CPU
		{89F61C00-CC3D-420D-AD29-6C0BA206FE26}.Release|Any CPU.Build.0 = Release|Any CPU
	EndGlobalSection
	GlobalSection(SolutionProperties) = preSolution
		HideSolutionNode = FALSE
	EndGlobalSection
	GlobalSection(ExtensibilityGlobals) = postSolution
		SolutionGuid = {9D59F9C1-E1B4-4E49-8C22-7A6C74BB175F}
	EndGlobalSection
EndGlobal
