
Microsoft Visual Studio Solution File, Format Version 12.00
# Visual Studio Version 17
VisualStudioVersion = 17.0.31410.414
MinimumVisualStudioVersion = 10.0.40219.1
Project("{9A19103F-16F7-4668-BE54-9A1E7A4F7556}") = "BlazingExperiments.Server", "BlazingExperiments\Server\BlazingExperiments.Server.csproj", "{7529A226-01E5-46D3-B589-7DBE6CF4D2B6}"
EndProject
Project("{9A19103F-16F7-4668-BE54-9A1E7A4F7556}") = "BlazingExperiments.Client", "BlazingExperiments\Client\BlazingExperiments.Client.csproj", "{C61A0ECF-55FA-4A81-8FF7-1DB5FF1ED51F}"
EndProject
Project("{9A19103F-16F7-4668-BE54-9A1E7A4F7556}") = "BlazingExperiments.Shared", "BlazingExperiments\Shared\BlazingExperiments.Shared.csproj", "{54F34CB9-25A2-40E6-93FB-C99E829440E4}"
EndProject
Project("{FAE04EC0-301F-11D3-BF4B-00C04F79EFBC}") = "BlazingExperiments.Components", "BlazingExperiments.Components\BlazingExperiments.Components.csproj", "{D7619491-87A6-4AF5-AD41-719A45B76373}"
EndProject
Global
	GlobalSection(SolutionConfigurationPlatforms) = preSolution
		Debug|Any CPU = Debug|Any CPU
		Release|Any CPU = Release|Any CPU
	EndGlobalSection
	GlobalSection(ProjectConfigurationPlatforms) = postSolution
		{7529A226-01E5-46D3-B589-7DBE6CF4D2B6}.Debug|Any CPU.ActiveCfg = Debug|Any CPU
		{7529A226-01E5-46D3-B589-7DBE6CF4D2B6}.Debug|Any CPU.Build.0 = Debug|Any CPU
		{7529A226-01E5-46D3-B589-7DBE6CF4D2B6}.Release|Any CPU.ActiveCfg = Release|Any CPU
		{7529A226-01E5-46D3-B589-7DBE6CF4D2B6}.Release|Any CPU.Build.0 = Release|Any CPU
		{C61A0ECF-55FA-4A81-8FF7-1DB5FF1ED51F}.Debug|Any CPU.ActiveCfg = Debug|Any CPU
		{C61A0ECF-55FA-4A81-8FF7-1DB5FF1ED51F}.Debug|Any CPU.Build.0 = Debug|Any CPU
		{C61A0ECF-55FA-4A81-8FF7-1DB5FF1ED51F}.Release|Any CPU.ActiveCfg = Release|Any CPU
		{C61A0ECF-55FA-4A81-8FF7-1DB5FF1ED51F}.Release|Any CPU.Build.0 = Release|Any CPU
		{54F34CB9-25A2-40E6-93FB-C99E829440E4}.Debug|Any CPU.ActiveCfg = Debug|Any CPU
		{54F34CB9-25A2-40E6-93FB-C99E829440E4}.Debug|Any CPU.Build.0 = Debug|Any CPU
		{54F34CB9-25A2-40E6-93FB-C99E829440E4}.Release|Any CPU.ActiveCfg = Release|Any CPU
		{54F34CB9-25A2-40E6-93FB-C99E829440E4}.Release|Any CPU.Build.0 = Release|Any CPU
		{D7619491-87A6-4AF5-AD41-719A45B76373}.Debug|Any CPU.ActiveCfg = Debug|Any CPU
		{D7619491-87A6-4AF5-AD41-719A45B76373}.Debug|Any CPU.Build.0 = Debug|Any CPU
		{D7619491-87A6-4AF5-AD41-719A45B76373}.Release|Any CPU.ActiveCfg = Release|Any CPU
		{D7619491-87A6-4AF5-AD41-719A45B76373}.Release|Any CPU.Build.0 = Release|Any CPU
	EndGlobalSection
	GlobalSection(SolutionProperties) = preSolution
		HideSolutionNode = FALSE
	EndGlobalSection
	GlobalSection(ExtensibilityGlobals) = postSolution
		SolutionGuid = {9D59F9C1-E1B4-4E49-8C22-7A6C74BB175F}
	EndGlobalSection
EndGlobal
